// !$*UTF8*$!
{
	archiveVersion = 1;
	classes = {
	};
	objectVersion = 46;
	objects = {

/* Begin PBXBuildFile section */
		3D4B56BA1E6A37DF00E8E570 /* TwitterText.framework in Frameworks */ = {isa = PBXBuildFile; fileRef = 3D4B56B01E6A37DF00E8E570 /* TwitterText.framework */; };
		3D4B56BF1E6A37DF00E8E570 /* TwitterTextTests.m in Sources */ = {isa = PBXBuildFile; fileRef = 3D4B56BE1E6A37DF00E8E570 /* TwitterTextTests.m */; };
		3DD6F6BA1E6A397600437514 /* TwitterText.h in Headers */ = {isa = PBXBuildFile; fileRef = 3DD6F6B61E6A397600437514 /* TwitterText.h */; settings = {ATTRIBUTES = (Public, ); }; };
		3DD6F6BB1E6A397600437514 /* TwitterText.m in Sources */ = {isa = PBXBuildFile; fileRef = 3DD6F6B71E6A397600437514 /* TwitterText.m */; };
		3DD6F6BC1E6A397600437514 /* TwitterTextEntity.h in Headers */ = {isa = PBXBuildFile; fileRef = 3DD6F6B81E6A397600437514 /* TwitterTextEntity.h */; settings = {ATTRIBUTES = (Public, ); }; };
		3DD6F6BD1E6A397600437514 /* TwitterTextEntity.m in Sources */ = {isa = PBXBuildFile; fileRef = 3DD6F6B91E6A397600437514 /* TwitterTextEntity.m */; };
		D09842702018100A00BAA5F1 /* v3.json in Resources */ = {isa = PBXBuildFile; fileRef = D0CD06B420102524007BE0D4 /* v3.json */; };
		D0CD06B520102525007BE0D4 /* v3.json in Resources */ = {isa = PBXBuildFile; fileRef = D0CD06B420102524007BE0D4 /* v3.json */; };
		D0D1AC4220E19F3800BE44A5 /* TwitterTextEmoji.m in Sources */ = {isa = PBXBuildFile; fileRef = D0D1AC3F20E19F3800BE44A5 /* TwitterTextEmoji.m */; };
		D0D1AC4320E19F3800BE44A5 /* TwitterTextEmoji.m in Sources */ = {isa = PBXBuildFile; fileRef = D0D1AC3F20E19F3800BE44A5 /* TwitterTextEmoji.m */; };
		D0D1AC4420E19F3800BE44A5 /* TwitterTextEmoji.h in Headers */ = {isa = PBXBuildFile; fileRef = D0D1AC4020E19F3800BE44A5 /* TwitterTextEmoji.h */; };
		D0D1AC4520E19F3800BE44A5 /* TwitterTextEmoji.h in Headers */ = {isa = PBXBuildFile; fileRef = D0D1AC4020E19F3800BE44A5 /* TwitterTextEmoji.h */; };
		D0D1AC4A20E19F8200BE44A5 /* TwitterTextEmojiTests.m in Sources */ = {isa = PBXBuildFile; fileRef = D0D1AC4820E19F8200BE44A5 /* TwitterTextEmojiTests.m */; };
		D0D1AC4B20E19F8200BE44A5 /* TwitterTextEmojiTests.m in Sources */ = {isa = PBXBuildFile; fileRef = D0D1AC4820E19F8200BE44A5 /* TwitterTextEmojiTests.m */; };
		D0DDF1991FFED34C0019BEA7 /* NSURL+IFUnicodeURL.h in Headers */ = {isa = PBXBuildFile; fileRef = D0DDF1961FFED34C0019BEA7 /* NSURL+IFUnicodeURL.h */; settings = {ATTRIBUTES = (Public, ); }; };
		D0DDF19B1FFED34C0019BEA7 /* NSURL+IFUnicodeURL.m in Sources */ = {isa = PBXBuildFile; fileRef = D0DDF1981FFED34C0019BEA7 /* NSURL+IFUnicodeURL.m */; };
		D0DDF1B61FFED35D0019BEA7 /* puny.c in Sources */ = {isa = PBXBuildFile; fileRef = D0DDF19C1FFED35D0019BEA7 /* puny.c */; };
		D0DDF1B71FFED35D0019BEA7 /* race.c in Sources */ = {isa = PBXBuildFile; fileRef = D0DDF19D1FFED35D0019BEA7 /* race.c */; };
		D0DDF1B81FFED35D0019BEA7 /* xcode.h in Headers */ = {isa = PBXBuildFile; fileRef = D0DDF19E1FFED35D0019BEA7 /* xcode.h */; };
		D0DDF1B91FFED35D0019BEA7 /* util.c in Sources */ = {isa = PBXBuildFile; fileRef = D0DDF19F1FFED35D0019BEA7 /* util.c */; };
		D0DDF1BA1FFED35D0019BEA7 /* nameprep.c in Sources */ = {isa = PBXBuildFile; fileRef = D0DDF1A01FFED35D0019BEA7 /* nameprep.c */; };
		D0DDF1BB1FFED35D0019BEA7 /* util.h in Headers */ = {isa = PBXBuildFile; fileRef = D0DDF1A11FFED35D0019BEA7 /* util.h */; };
		D0DDF1BC1FFED35D0019BEA7 /* xcode_config.h in Headers */ = {isa = PBXBuildFile; fileRef = D0DDF1A21FFED35D0019BEA7 /* xcode_config.h */; };
		D0DDF1BD1FFED35D0019BEA7 /* adapter.h in Headers */ = {isa = PBXBuildFile; fileRef = D0DDF1A31FFED35D0019BEA7 /* adapter.h */; };
		D0DDF1BE1FFED35D0019BEA7 /* nameprep.h in Headers */ = {isa = PBXBuildFile; fileRef = D0DDF1A41FFED35D0019BEA7 /* nameprep.h */; };
		D0DDF1BF1FFED35D0019BEA7 /* puny.h in Headers */ = {isa = PBXBuildFile; fileRef = D0DDF1A51FFED35D0019BEA7 /* puny.h */; };
		D0DDF1C01FFED35D0019BEA7 /* race.h in Headers */ = {isa = PBXBuildFile; fileRef = D0DDF1A61FFED35D0019BEA7 /* race.h */; };
		D0DDF1C11FFED35D0019BEA7 /* toxxx.c in Sources */ = {isa = PBXBuildFile; fileRef = D0DDF1A71FFED35D0019BEA7 /* toxxx.c */; };
		D0DDF1C21FFED35D0019BEA7 /* toxxx.h in Headers */ = {isa = PBXBuildFile; fileRef = D0DDF1A81FFED35D0019BEA7 /* toxxx.h */; };
		D0DDF1C31FFED35D0019BEA7 /* nameprep_bidi_lcat.h in Headers */ = {isa = PBXBuildFile; fileRef = D0DDF1AA1FFED35D0019BEA7 /* nameprep_bidi_lcat.h */; };
		D0DDF1C41FFED35D0019BEA7 /* nameprep_bidi_randalcat.h in Headers */ = {isa = PBXBuildFile; fileRef = D0DDF1AB1FFED35D0019BEA7 /* nameprep_bidi_randalcat.h */; };
		D0DDF1C51FFED35D0019BEA7 /* nameprep_charmap.h in Headers */ = {isa = PBXBuildFile; fileRef = D0DDF1AC1FFED35D0019BEA7 /* nameprep_charmap.h */; };
		D0DDF1C61FFED35D0019BEA7 /* nameprep_compatible.h in Headers */ = {isa = PBXBuildFile; fileRef = D0DDF1AD1FFED35D0019BEA7 /* nameprep_compatible.h */; };
		D0DDF1C71FFED35D0019BEA7 /* nameprep_compose.h in Headers */ = {isa = PBXBuildFile; fileRef = D0DDF1AE1FFED35D0019BEA7 /* nameprep_compose.h */; };
		D0DDF1C81FFED35D0019BEA7 /* nameprep_cononical.h in Headers */ = {isa = PBXBuildFile; fileRef = D0DDF1AF1FFED35D0019BEA7 /* nameprep_cononical.h */; };
		D0DDF1C91FFED35D0019BEA7 /* nameprep_data.h in Headers */ = {isa = PBXBuildFile; fileRef = D0DDF1B01FFED35D0019BEA7 /* nameprep_data.h */; };
		D0DDF1CA1FFED35D0019BEA7 /* nameprep_datastructures.h in Headers */ = {isa = PBXBuildFile; fileRef = D0DDF1B11FFED35D0019BEA7 /* nameprep_datastructures.h */; };
		D0DDF1CB1FFED35D0019BEA7 /* nameprep_decompose.h in Headers */ = {isa = PBXBuildFile; fileRef = D0DDF1B21FFED35D0019BEA7 /* nameprep_decompose.h */; };
		D0DDF1CC1FFED35D0019BEA7 /* nameprep_lookups.h in Headers */ = {isa = PBXBuildFile; fileRef = D0DDF1B31FFED35D0019BEA7 /* nameprep_lookups.h */; };
		D0DDF1CD1FFED35D0019BEA7 /* nameprep_prohibit.h in Headers */ = {isa = PBXBuildFile; fileRef = D0DDF1B41FFED35D0019BEA7 /* nameprep_prohibit.h */; };
		D0DDF1CE1FFED35D0019BEA7 /* nameprep_prohibit_allowunassigned.h in Headers */ = {isa = PBXBuildFile; fileRef = D0DDF1B51FFED35D0019BEA7 /* nameprep_prohibit_allowunassigned.h */; };
		D0DDF1D21FFED3840019BEA7 /* NSURL+IFUnicodeURLTest.m in Sources */ = {isa = PBXBuildFile; fileRef = D0DDF1D01FFED3800019BEA7 /* NSURL+IFUnicodeURLTest.m */; };
		D0F715BA200985C100D66E5C /* v1.json in Resources */ = {isa = PBXBuildFile; fileRef = D0F715B8200985C100D66E5C /* v1.json */; };
		D0F715BB200985C100D66E5C /* v2.json in Resources */ = {isa = PBXBuildFile; fileRef = D0F715B9200985C100D66E5C /* v2.json */; };
		D0F715BC200985CB00D66E5C /* v1.json in Resources */ = {isa = PBXBuildFile; fileRef = D0F715B8200985C100D66E5C /* v1.json */; };
		D0F715BD200985CE00D66E5C /* v2.json in Resources */ = {isa = PBXBuildFile; fileRef = D0F715B9200985C100D66E5C /* v2.json */; };
		D0FE6FC320069D800032DA00 /* TwitterText.h in Headers */ = {isa = PBXBuildFile; fileRef = 3DD6F6B61E6A397600437514 /* TwitterText.h */; settings = {ATTRIBUTES = (Public, ); }; };
		D0FE6FC420069D860032DA00 /* TwitterText.m in Sources */ = {isa = PBXBuildFile; fileRef = 3DD6F6B71E6A397600437514 /* TwitterText.m */; };
		D0FE6FC520069D8A0032DA00 /* TwitterTextEntity.h in Headers */ = {isa = PBXBuildFile; fileRef = 3DD6F6B81E6A397600437514 /* TwitterTextEntity.h */; settings = {ATTRIBUTES = (Public, ); }; };
		D0FE6FC620069D8E0032DA00 /* TwitterTextEntity.m in Sources */ = {isa = PBXBuildFile; fileRef = 3DD6F6B91E6A397600437514 /* TwitterTextEntity.m */; };
		D0FE6FC720069DAC0032DA00 /* TwitterTextTests.m in Sources */ = {isa = PBXBuildFile; fileRef = 3D4B56BE1E6A37DF00E8E570 /* TwitterTextTests.m */; };
		D0FE6FC820069DB70032DA00 /* NSURL+IFUnicodeURLTest.m in Sources */ = {isa = PBXBuildFile; fileRef = D0DDF1D01FFED3800019BEA7 /* NSURL+IFUnicodeURLTest.m */; };
		D0FE6FC920069DBC0032DA00 /* adapter.h in Headers */ = {isa = PBXBuildFile; fileRef = D0DDF1A31FFED35D0019BEA7 /* adapter.h */; };
		D0FE6FCA20069DBF0032DA00 /* nameprep.c in Sources */ = {isa = PBXBuildFile; fileRef = D0DDF1A01FFED35D0019BEA7 /* nameprep.c */; };
		D0FE6FCB20069DC20032DA00 /* nameprep.h in Headers */ = {isa = PBXBuildFile; fileRef = D0DDF1A41FFED35D0019BEA7 /* nameprep.h */; };
		D0FE6FCC20069DC50032DA00 /* puny.c in Sources */ = {isa = PBXBuildFile; fileRef = D0DDF19C1FFED35D0019BEA7 /* puny.c */; };
		D0FE6FCD20069DC90032DA00 /* puny.h in Headers */ = {isa = PBXBuildFile; fileRef = D0DDF1A51FFED35D0019BEA7 /* puny.h */; };
		D0FE6FCE20069DCB0032DA00 /* race.c in Sources */ = {isa = PBXBuildFile; fileRef = D0DDF19D1FFED35D0019BEA7 /* race.c */; };
		D0FE6FCF20069DCE0032DA00 /* race.h in Headers */ = {isa = PBXBuildFile; fileRef = D0DDF1A61FFED35D0019BEA7 /* race.h */; };
		D0FE6FD020069DD50032DA00 /* nameprep_bidi_lcat.h in Headers */ = {isa = PBXBuildFile; fileRef = D0DDF1AA1FFED35D0019BEA7 /* nameprep_bidi_lcat.h */; };
		D0FE6FD120069DD50032DA00 /* nameprep_bidi_randalcat.h in Headers */ = {isa = PBXBuildFile; fileRef = D0DDF1AB1FFED35D0019BEA7 /* nameprep_bidi_randalcat.h */; };
		D0FE6FD220069DD50032DA00 /* nameprep_charmap.h in Headers */ = {isa = PBXBuildFile; fileRef = D0DDF1AC1FFED35D0019BEA7 /* nameprep_charmap.h */; };
		D0FE6FD320069DD60032DA00 /* nameprep_compatible.h in Headers */ = {isa = PBXBuildFile; fileRef = D0DDF1AD1FFED35D0019BEA7 /* nameprep_compatible.h */; };
		D0FE6FD420069DD60032DA00 /* nameprep_compose.h in Headers */ = {isa = PBXBuildFile; fileRef = D0DDF1AE1FFED35D0019BEA7 /* nameprep_compose.h */; };
		D0FE6FD520069DD60032DA00 /* nameprep_cononical.h in Headers */ = {isa = PBXBuildFile; fileRef = D0DDF1AF1FFED35D0019BEA7 /* nameprep_cononical.h */; };
		D0FE6FD620069DD60032DA00 /* nameprep_data.h in Headers */ = {isa = PBXBuildFile; fileRef = D0DDF1B01FFED35D0019BEA7 /* nameprep_data.h */; };
		D0FE6FD720069DD60032DA00 /* nameprep_datastructures.h in Headers */ = {isa = PBXBuildFile; fileRef = D0DDF1B11FFED35D0019BEA7 /* nameprep_datastructures.h */; };
		D0FE6FD820069DD60032DA00 /* nameprep_decompose.h in Headers */ = {isa = PBXBuildFile; fileRef = D0DDF1B21FFED35D0019BEA7 /* nameprep_decompose.h */; };
		D0FE6FD920069DD60032DA00 /* nameprep_lookups.h in Headers */ = {isa = PBXBuildFile; fileRef = D0DDF1B31FFED35D0019BEA7 /* nameprep_lookups.h */; };
		D0FE6FDA20069DD60032DA00 /* nameprep_prohibit.h in Headers */ = {isa = PBXBuildFile; fileRef = D0DDF1B41FFED35D0019BEA7 /* nameprep_prohibit.h */; };
		D0FE6FDB20069DD60032DA00 /* nameprep_prohibit_allowunassigned.h in Headers */ = {isa = PBXBuildFile; fileRef = D0DDF1B51FFED35D0019BEA7 /* nameprep_prohibit_allowunassigned.h */; };
		D0FE6FDC20069DD90032DA00 /* toxxx.c in Sources */ = {isa = PBXBuildFile; fileRef = D0DDF1A71FFED35D0019BEA7 /* toxxx.c */; };
		D0FE6FDD20069DE40032DA00 /* toxxx.h in Headers */ = {isa = PBXBuildFile; fileRef = D0DDF1A81FFED35D0019BEA7 /* toxxx.h */; };
		D0FE6FDE20069DE70032DA00 /* util.c in Sources */ = {isa = PBXBuildFile; fileRef = D0DDF19F1FFED35D0019BEA7 /* util.c */; };
		D0FE6FDF20069DE90032DA00 /* util.h in Headers */ = {isa = PBXBuildFile; fileRef = D0DDF1A11FFED35D0019BEA7 /* util.h */; };
		D0FE6FE020069DEC0032DA00 /* xcode_config.h in Headers */ = {isa = PBXBuildFile; fileRef = D0DDF1A21FFED35D0019BEA7 /* xcode_config.h */; };
		D0FE6FE120069DEE0032DA00 /* xcode.h in Headers */ = {isa = PBXBuildFile; fileRef = D0DDF19E1FFED35D0019BEA7 /* xcode.h */; };
		D0FE6FE320069DF50032DA00 /* NSURL+IFUnicodeURL.h in Headers */ = {isa = PBXBuildFile; fileRef = D0DDF1961FFED34C0019BEA7 /* NSURL+IFUnicodeURL.h */; settings = {ATTRIBUTES = (Public, ); }; };
		D0FE6FE420069DFF0032DA00 /* NSURL+IFUnicodeURL.m in Sources */ = {isa = PBXBuildFile; fileRef = D0DDF1981FFED34C0019BEA7 /* NSURL+IFUnicodeURL.m */; };
		D0FE6FE720069EA60032DA00 /* TwitterText.framework in Frameworks */ = {isa = PBXBuildFile; fileRef = D0FE6FAC200699CA0032DA00 /* TwitterText.framework */; };
/* End PBXBuildFile section */

/* Begin PBXContainerItemProxy section */
		3D4B56BB1E6A37DF00E8E570 /* PBXContainerItemProxy */ = {
			isa = PBXContainerItemProxy;
			containerPortal = 3D4B56A71E6A37DF00E8E570 /* Project object */;
			proxyType = 1;
			remoteGlobalIDString = 3D4B56AF1E6A37DF00E8E570;
			remoteInfo = TwitterText;
		};
		D0FE6FB6200699CB0032DA00 /* PBXContainerItemProxy */ = {
			isa = PBXContainerItemProxy;
			containerPortal = 3D4B56A71E6A37DF00E8E570 /* Project object */;
			proxyType = 1;
			remoteGlobalIDString = D0FE6FAB200699CA0032DA00;
			remoteInfo = "TwitterText Mac";
		};
/* End PBXContainerItemProxy section */

/* Begin PBXFileReference section */
		3D1367E7227F448E00AA0001 /* tlds.json */ = {isa = PBXFileReference; lastKnownFileType = text.json; name = tlds.json; path = "tests/json-conformance/tlds.json"; sourceTree = SOURCE_ROOT; };
		3D1367E8227F448E00AA0001 /* extract.json */ = {isa = PBXFileReference; lastKnownFileType = text.json; name = extract.json; path = "tests/json-conformance/extract.json"; sourceTree = SOURCE_ROOT; };
		3D1367E9227F448E00AA0001 /* validate.json */ = {isa = PBXFileReference; lastKnownFileType = text.json; name = validate.json; path = "tests/json-conformance/validate.json"; sourceTree = SOURCE_ROOT; };
		3D4B56B01E6A37DF00E8E570 /* TwitterText.framework */ = {isa = PBXFileReference; explicitFileType = wrapper.framework; includeInIndex = 0; path = TwitterText.framework; sourceTree = BUILT_PRODUCTS_DIR; };
		3D4B56B41E6A37DF00E8E570 /* Info.plist */ = {isa = PBXFileReference; lastKnownFileType = text.plist.xml; name = Info.plist; path = resources/Info.plist; sourceTree = "<group>"; };
		3D4B56B91E6A37DF00E8E570 /* TwitterTextTests.xctest */ = {isa = PBXFileReference; explicitFileType = wrapper.cfbundle; includeInIndex = 0; path = TwitterTextTests.xctest; sourceTree = BUILT_PRODUCTS_DIR; };
		3D4B56BE1E6A37DF00E8E570 /* TwitterTextTests.m */ = {isa = PBXFileReference; lastKnownFileType = sourcecode.c.objc; path = TwitterTextTests.m; sourceTree = "<group>"; };
		3D4B56C01E6A37DF00E8E570 /* TwitterTextTests-Info.plist */ = {isa = PBXFileReference; lastKnownFileType = text.plist.xml; name = "TwitterTextTests-Info.plist"; path = "resources/TwitterTextTests-Info.plist"; sourceTree = "<group>"; };
		3DD6F6B61E6A397600437514 /* TwitterText.h */ = {isa = PBXFileReference; fileEncoding = 4; lastKnownFileType = sourcecode.c.h; name = TwitterText.h; path = lib/TwitterText.h; sourceTree = "<group>"; };
		3DD6F6B71E6A397600437514 /* TwitterText.m */ = {isa = PBXFileReference; fileEncoding = 4; lastKnownFileType = sourcecode.c.objc; name = TwitterText.m; path = lib/TwitterText.m; sourceTree = "<group>"; };
		3DD6F6B81E6A397600437514 /* TwitterTextEntity.h */ = {isa = PBXFileReference; fileEncoding = 4; lastKnownFileType = sourcecode.c.h; name = TwitterTextEntity.h; path = lib/TwitterTextEntity.h; sourceTree = "<group>"; };
		3DD6F6B91E6A397600437514 /* TwitterTextEntity.m */ = {isa = PBXFileReference; fileEncoding = 4; lastKnownFileType = sourcecode.c.objc; name = TwitterTextEntity.m; path = lib/TwitterTextEntity.m; sourceTree = "<group>"; };
		3DD6F6C01E6A4B7600437514 /* TwitterText.modulemap */ = {isa = PBXFileReference; fileEncoding = 4; lastKnownFileType = "sourcecode.module-map"; name = TwitterText.modulemap; path = resources/TwitterText.modulemap; sourceTree = "<group>"; };
		74E1D6611E6E7A9500200344 /* TwitterTextTests.h */ = {isa = PBXFileReference; fileEncoding = 4; lastKnownFileType = sourcecode.c.h; path = TwitterTextTests.h; sourceTree = "<group>"; };
		D0CD06B420102524007BE0D4 /* v3.json */ = {isa = PBXFileReference; fileEncoding = 4; lastKnownFileType = text.json; path = v3.json; sourceTree = "<group>"; };
		D0D1AC3F20E19F3800BE44A5 /* TwitterTextEmoji.m */ = {isa = PBXFileReference; fileEncoding = 4; lastKnownFileType = sourcecode.c.objc; name = TwitterTextEmoji.m; path = lib/TwitterTextEmoji.m; sourceTree = "<group>"; };
		D0D1AC4020E19F3800BE44A5 /* TwitterTextEmoji.h */ = {isa = PBXFileReference; fileEncoding = 4; lastKnownFileType = sourcecode.c.h; name = TwitterTextEmoji.h; path = lib/TwitterTextEmoji.h; sourceTree = "<group>"; };
		D0D1AC4820E19F8200BE44A5 /* TwitterTextEmojiTests.m */ = {isa = PBXFileReference; fileEncoding = 4; lastKnownFileType = sourcecode.c.objc; path = TwitterTextEmojiTests.m; sourceTree = "<group>"; };
		D0D1AC4920E19F8200BE44A5 /* TwitterTextEmojiTests.h */ = {isa = PBXFileReference; fileEncoding = 4; lastKnownFileType = sourcecode.c.h; path = TwitterTextEmojiTests.h; sourceTree = "<group>"; };
		D0DDF1961FFED34C0019BEA7 /* NSURL+IFUnicodeURL.h */ = {isa = PBXFileReference; fileEncoding = 4; lastKnownFileType = sourcecode.c.h; name = "NSURL+IFUnicodeURL.h"; path = "IFUnicodeURL/IFUnicodeURL/NSURL+IFUnicodeURL.h"; sourceTree = "<group>"; };
		D0DDF1981FFED34C0019BEA7 /* NSURL+IFUnicodeURL.m */ = {isa = PBXFileReference; fileEncoding = 4; lastKnownFileType = sourcecode.c.objc; name = "NSURL+IFUnicodeURL.m"; path = "IFUnicodeURL/IFUnicodeURL/NSURL+IFUnicodeURL.m"; sourceTree = "<group>"; };
		D0DDF19C1FFED35D0019BEA7 /* puny.c */ = {isa = PBXFileReference; fileEncoding = 4; lastKnownFileType = sourcecode.c.c; name = puny.c; path = IFUnicodeURL/IFUnicodeURL/IDNSDK/puny.c; sourceTree = "<group>"; };
		D0DDF19D1FFED35D0019BEA7 /* race.c */ = {isa = PBXFileReference; fileEncoding = 4; lastKnownFileType = sourcecode.c.c; name = race.c; path = IFUnicodeURL/IFUnicodeURL/IDNSDK/race.c; sourceTree = "<group>"; };
		D0DDF19E1FFED35D0019BEA7 /* xcode.h */ = {isa = PBXFileReference; fileEncoding = 4; lastKnownFileType = sourcecode.c.h; name = xcode.h; path = IFUnicodeURL/IFUnicodeURL/IDNSDK/xcode.h; sourceTree = "<group>"; };
		D0DDF19F1FFED35D0019BEA7 /* util.c */ = {isa = PBXFileReference; fileEncoding = 4; lastKnownFileType = sourcecode.c.c; name = util.c; path = IFUnicodeURL/IFUnicodeURL/IDNSDK/util.c; sourceTree = "<group>"; };
		D0DDF1A01FFED35D0019BEA7 /* nameprep.c */ = {isa = PBXFileReference; fileEncoding = 4; lastKnownFileType = sourcecode.c.c; name = nameprep.c; path = IFUnicodeURL/IFUnicodeURL/IDNSDK/nameprep.c; sourceTree = "<group>"; };
		D0DDF1A11FFED35D0019BEA7 /* util.h */ = {isa = PBXFileReference; fileEncoding = 4; lastKnownFileType = sourcecode.c.h; name = util.h; path = IFUnicodeURL/IFUnicodeURL/IDNSDK/util.h; sourceTree = "<group>"; };
		D0DDF1A21FFED35D0019BEA7 /* xcode_config.h */ = {isa = PBXFileReference; fileEncoding = 4; lastKnownFileType = sourcecode.c.h; name = xcode_config.h; path = IFUnicodeURL/IFUnicodeURL/IDNSDK/xcode_config.h; sourceTree = "<group>"; };
		D0DDF1A31FFED35D0019BEA7 /* adapter.h */ = {isa = PBXFileReference; fileEncoding = 4; lastKnownFileType = sourcecode.c.h; name = adapter.h; path = IFUnicodeURL/IFUnicodeURL/IDNSDK/adapter.h; sourceTree = "<group>"; };
		D0DDF1A41FFED35D0019BEA7 /* nameprep.h */ = {isa = PBXFileReference; fileEncoding = 4; lastKnownFileType = sourcecode.c.h; name = nameprep.h; path = IFUnicodeURL/IFUnicodeURL/IDNSDK/nameprep.h; sourceTree = "<group>"; };
		D0DDF1A51FFED35D0019BEA7 /* puny.h */ = {isa = PBXFileReference; fileEncoding = 4; lastKnownFileType = sourcecode.c.h; name = puny.h; path = IFUnicodeURL/IFUnicodeURL/IDNSDK/puny.h; sourceTree = "<group>"; };
		D0DDF1A61FFED35D0019BEA7 /* race.h */ = {isa = PBXFileReference; fileEncoding = 4; lastKnownFileType = sourcecode.c.h; name = race.h; path = IFUnicodeURL/IFUnicodeURL/IDNSDK/race.h; sourceTree = "<group>"; };
		D0DDF1A71FFED35D0019BEA7 /* toxxx.c */ = {isa = PBXFileReference; fileEncoding = 4; lastKnownFileType = sourcecode.c.c; name = toxxx.c; path = IFUnicodeURL/IFUnicodeURL/IDNSDK/toxxx.c; sourceTree = "<group>"; };
		D0DDF1A81FFED35D0019BEA7 /* toxxx.h */ = {isa = PBXFileReference; fileEncoding = 4; lastKnownFileType = sourcecode.c.h; name = toxxx.h; path = IFUnicodeURL/IFUnicodeURL/IDNSDK/toxxx.h; sourceTree = "<group>"; };
		D0DDF1AA1FFED35D0019BEA7 /* nameprep_bidi_lcat.h */ = {isa = PBXFileReference; fileEncoding = 4; lastKnownFileType = sourcecode.c.h; path = nameprep_bidi_lcat.h; sourceTree = "<group>"; };
		D0DDF1AB1FFED35D0019BEA7 /* nameprep_bidi_randalcat.h */ = {isa = PBXFileReference; fileEncoding = 4; lastKnownFileType = sourcecode.c.h; path = nameprep_bidi_randalcat.h; sourceTree = "<group>"; };
		D0DDF1AC1FFED35D0019BEA7 /* nameprep_charmap.h */ = {isa = PBXFileReference; fileEncoding = 4; lastKnownFileType = sourcecode.c.h; path = nameprep_charmap.h; sourceTree = "<group>"; };
		D0DDF1AD1FFED35D0019BEA7 /* nameprep_compatible.h */ = {isa = PBXFileReference; fileEncoding = 4; lastKnownFileType = sourcecode.c.h; path = nameprep_compatible.h; sourceTree = "<group>"; };
		D0DDF1AE1FFED35D0019BEA7 /* nameprep_compose.h */ = {isa = PBXFileReference; fileEncoding = 4; lastKnownFileType = sourcecode.c.h; path = nameprep_compose.h; sourceTree = "<group>"; };
		D0DDF1AF1FFED35D0019BEA7 /* nameprep_cononical.h */ = {isa = PBXFileReference; fileEncoding = 4; lastKnownFileType = sourcecode.c.h; path = nameprep_cononical.h; sourceTree = "<group>"; };
		D0DDF1B01FFED35D0019BEA7 /* nameprep_data.h */ = {isa = PBXFileReference; fileEncoding = 4; lastKnownFileType = sourcecode.c.h; path = nameprep_data.h; sourceTree = "<group>"; };
		D0DDF1B11FFED35D0019BEA7 /* nameprep_datastructures.h */ = {isa = PBXFileReference; fileEncoding = 4; lastKnownFileType = sourcecode.c.h; path = nameprep_datastructures.h; sourceTree = "<group>"; };
		D0DDF1B21FFED35D0019BEA7 /* nameprep_decompose.h */ = {isa = PBXFileReference; fileEncoding = 4; lastKnownFileType = sourcecode.c.h; path = nameprep_decompose.h; sourceTree = "<group>"; };
		D0DDF1B31FFED35D0019BEA7 /* nameprep_lookups.h */ = {isa = PBXFileReference; fileEncoding = 4; lastKnownFileType = sourcecode.c.h; path = nameprep_lookups.h; sourceTree = "<group>"; };
		D0DDF1B41FFED35D0019BEA7 /* nameprep_prohibit.h */ = {isa = PBXFileReference; fileEncoding = 4; lastKnownFileType = sourcecode.c.h; path = nameprep_prohibit.h; sourceTree = "<group>"; };
		D0DDF1B51FFED35D0019BEA7 /* nameprep_prohibit_allowunassigned.h */ = {isa = PBXFileReference; fileEncoding = 4; lastKnownFileType = sourcecode.c.h; path = nameprep_prohibit_allowunassigned.h; sourceTree = "<group>"; };
		D0DDF1D01FFED3800019BEA7 /* NSURL+IFUnicodeURLTest.m */ = {isa = PBXFileReference; fileEncoding = 4; lastKnownFileType = sourcecode.c.objc; name = "NSURL+IFUnicodeURLTest.m"; path = "IFUnicodeURL/Tests/NSURL+IFUnicodeURLTest.m"; sourceTree = "<group>"; };
		D0F715B8200985C100D66E5C /* v1.json */ = {isa = PBXFileReference; fileEncoding = 4; lastKnownFileType = text.json; path = v1.json; sourceTree = "<group>"; };
		D0F715B9200985C100D66E5C /* v2.json */ = {isa = PBXFileReference; fileEncoding = 4; lastKnownFileType = text.json; path = v2.json; sourceTree = "<group>"; };
		D0FE6FAC200699CA0032DA00 /* TwitterText.framework */ = {isa = PBXFileReference; explicitFileType = wrapper.framework; includeInIndex = 0; path = TwitterText.framework; sourceTree = BUILT_PRODUCTS_DIR; };
		D0FE6FB4200699CB0032DA00 /* TwitterTextTests Mac.xctest */ = {isa = PBXFileReference; explicitFileType = wrapper.cfbundle; includeInIndex = 0; path = "TwitterTextTests Mac.xctest"; sourceTree = BUILT_PRODUCTS_DIR; };
/* End PBXFileReference section */

/* Begin PBXFrameworksBuildPhase section */
		3D4B56AC1E6A37DF00E8E570 /* Frameworks */ = {
			isa = PBXFrameworksBuildPhase;
			buildActionMask = 2147483647;
			files = (
			);
			runOnlyForDeploymentPostprocessing = 0;
		};
		3D4B56B61E6A37DF00E8E570 /* Frameworks */ = {
			isa = PBXFrameworksBuildPhase;
			buildActionMask = 2147483647;
			files = (
				3D4B56BA1E6A37DF00E8E570 /* TwitterText.framework in Frameworks */,
			);
			runOnlyForDeploymentPostprocessing = 0;
		};
		D0FE6FA8200699CA0032DA00 /* Frameworks */ = {
			isa = PBXFrameworksBuildPhase;
			buildActionMask = 2147483647;
			files = (
			);
			runOnlyForDeploymentPostprocessing = 0;
		};
		D0FE6FB1200699CB0032DA00 /* Frameworks */ = {
			isa = PBXFrameworksBuildPhase;
			buildActionMask = 2147483647;
			files = (
				D0FE6FE720069EA60032DA00 /* TwitterText.framework in Frameworks */,
			);
			runOnlyForDeploymentPostprocessing = 0;
		};
/* End PBXFrameworksBuildPhase section */

/* Begin PBXGroup section */
		3D1367E6227F447600AA0001 /* json-conformance */ = {
			isa = PBXGroup;
			children = (
				3D1367E8227F448E00AA0001 /* extract.json */,
				3D1367E7227F448E00AA0001 /* tlds.json */,
				3D1367E9227F448E00AA0001 /* validate.json */,
			);
			name = "json-conformance";
			path = "New Group";
			sourceTree = "<group>";
		};
		3D4B56A61E6A37DF00E8E570 = {
			isa = PBXGroup;
			children = (
				3D4B56B21E6A37DF00E8E570 /* TwitterText */,
				3D4B56BD1E6A37DF00E8E570 /* TwitterTextTests */,
				D04EE9D11FB03B3300970385 /* ThirdParty */,
				3D4B56B11E6A37DF00E8E570 /* Products */,
				D04EED591FB23A3C00970385 /* Frameworks */,
			);
			sourceTree = "<group>";
		};
		3D4B56B11E6A37DF00E8E570 /* Products */ = {
			isa = PBXGroup;
			children = (
				3D4B56B01E6A37DF00E8E570 /* TwitterText.framework */,
				3D4B56B91E6A37DF00E8E570 /* TwitterTextTests.xctest */,
				D0FE6FAC200699CA0032DA00 /* TwitterText.framework */,
				D0FE6FB4200699CB0032DA00 /* TwitterTextTests Mac.xctest */,
			);
			name = Products;
			sourceTree = "<group>";
		};
		3D4B56B21E6A37DF00E8E570 /* TwitterText */ = {
			isa = PBXGroup;
			children = (
				D0F715B7200985A700D66E5C /* Resources */,
				3DD6F6B61E6A397600437514 /* TwitterText.h */,
				3DD6F6B71E6A397600437514 /* TwitterText.m */,
				3DD6F6B81E6A397600437514 /* TwitterTextEntity.h */,
				3DD6F6B91E6A397600437514 /* TwitterTextEntity.m */,
				D0D1AC4020E19F3800BE44A5 /* TwitterTextEmoji.h */,
				D0D1AC3F20E19F3800BE44A5 /* TwitterTextEmoji.m */,
				3DD6F6C01E6A4B7600437514 /* TwitterText.modulemap */,
				3D4B56B41E6A37DF00E8E570 /* Info.plist */,
			);
			name = TwitterText;
			sourceTree = "<group>";
		};
		3D4B56BD1E6A37DF00E8E570 /* TwitterTextTests */ = {
			isa = PBXGroup;
			children = (
				3D1367E6227F447600AA0001 /* json-conformance */,
				74E1D6611E6E7A9500200344 /* TwitterTextTests.h */,
				3D4B56BE1E6A37DF00E8E570 /* TwitterTextTests.m */,
				D0D1AC4920E19F8200BE44A5 /* TwitterTextEmojiTests.h */,
				D0D1AC4820E19F8200BE44A5 /* TwitterTextEmojiTests.m */,
				3D4B56C01E6A37DF00E8E570 /* TwitterTextTests-Info.plist */,
			);
			name = TwitterTextTests;
			path = tests;
			sourceTree = "<group>";
		};
		D04EE9D11FB03B3300970385 /* ThirdParty */ = {
			isa = PBXGroup;
			children = (
				D04EEE101FB23AF700970385 /* IFUnicodeURL */,
			);
			path = ThirdParty;
			sourceTree = "<group>";
		};
		D04EED591FB23A3C00970385 /* Frameworks */ = {
			isa = PBXGroup;
			children = (
			);
			name = Frameworks;
			sourceTree = "<group>";
		};
		D04EEE101FB23AF700970385 /* IFUnicodeURL */ = {
			isa = PBXGroup;
			children = (
				D0DDF1CF1FFED3670019BEA7 /* Tests */,
				D0DDF1951FFED3260019BEA7 /* Source */,
			);
			name = IFUnicodeURL;
			sourceTree = "<group>";
		};
		D0DDF1951FFED3260019BEA7 /* Source */ = {
			isa = PBXGroup;
			children = (
				D0DDF1A31FFED35D0019BEA7 /* adapter.h */,
				D0DDF1A01FFED35D0019BEA7 /* nameprep.c */,
				D0DDF1A41FFED35D0019BEA7 /* nameprep.h */,
				D0DDF19C1FFED35D0019BEA7 /* puny.c */,
				D0DDF1A51FFED35D0019BEA7 /* puny.h */,
				D0DDF19D1FFED35D0019BEA7 /* race.c */,
				D0DDF1A61FFED35D0019BEA7 /* race.h */,
				D0DDF1A91FFED35D0019BEA7 /* staticdata */,
				D0DDF1A71FFED35D0019BEA7 /* toxxx.c */,
				D0DDF1A81FFED35D0019BEA7 /* toxxx.h */,
				D0DDF19F1FFED35D0019BEA7 /* util.c */,
				D0DDF1A11FFED35D0019BEA7 /* util.h */,
				D0DDF1A21FFED35D0019BEA7 /* xcode_config.h */,
				D0DDF19E1FFED35D0019BEA7 /* xcode.h */,
				D0DDF1961FFED34C0019BEA7 /* NSURL+IFUnicodeURL.h */,
				D0DDF1981FFED34C0019BEA7 /* NSURL+IFUnicodeURL.m */,
			);
			name = Source;
			sourceTree = "<group>";
		};
		D0DDF1A91FFED35D0019BEA7 /* staticdata */ = {
			isa = PBXGroup;
			children = (
				D0DDF1AA1FFED35D0019BEA7 /* nameprep_bidi_lcat.h */,
				D0DDF1AB1FFED35D0019BEA7 /* nameprep_bidi_randalcat.h */,
				D0DDF1AC1FFED35D0019BEA7 /* nameprep_charmap.h */,
				D0DDF1AD1FFED35D0019BEA7 /* nameprep_compatible.h */,
				D0DDF1AE1FFED35D0019BEA7 /* nameprep_compose.h */,
				D0DDF1AF1FFED35D0019BEA7 /* nameprep_cononical.h */,
				D0DDF1B01FFED35D0019BEA7 /* nameprep_data.h */,
				D0DDF1B11FFED35D0019BEA7 /* nameprep_datastructures.h */,
				D0DDF1B21FFED35D0019BEA7 /* nameprep_decompose.h */,
				D0DDF1B31FFED35D0019BEA7 /* nameprep_lookups.h */,
				D0DDF1B41FFED35D0019BEA7 /* nameprep_prohibit.h */,
				D0DDF1B51FFED35D0019BEA7 /* nameprep_prohibit_allowunassigned.h */,
			);
			name = staticdata;
			path = IFUnicodeURL/IFUnicodeURL/IDNSDK/staticdata;
			sourceTree = "<group>";
		};
		D0DDF1CF1FFED3670019BEA7 /* Tests */ = {
			isa = PBXGroup;
			children = (
				D0DDF1D01FFED3800019BEA7 /* NSURL+IFUnicodeURLTest.m */,
			);
			name = Tests;
			sourceTree = "<group>";
		};
		D0F715B7200985A700D66E5C /* Resources */ = {
			isa = PBXGroup;
			children = (
				D0F715B8200985C100D66E5C /* v1.json */,
				D0F715B9200985C100D66E5C /* v2.json */,
				D0CD06B420102524007BE0D4 /* v3.json */,
			);
			name = Resources;
			path = ../config;
			sourceTree = "<group>";
		};
/* End PBXGroup section */

/* Begin PBXHeadersBuildPhase section */
		3D4B56AD1E6A37DF00E8E570 /* Headers */ = {
			isa = PBXHeadersBuildPhase;
			buildActionMask = 2147483647;
			files = (
				D0DDF1CD1FFED35D0019BEA7 /* nameprep_prohibit.h in Headers */,
				D0DDF1C21FFED35D0019BEA7 /* toxxx.h in Headers */,
				D0DDF1BF1FFED35D0019BEA7 /* puny.h in Headers */,
				D0DDF1CB1FFED35D0019BEA7 /* nameprep_decompose.h in Headers */,
				D0D1AC4420E19F3800BE44A5 /* TwitterTextEmoji.h in Headers */,
				D0DDF1C61FFED35D0019BEA7 /* nameprep_compatible.h in Headers */,
				D0DDF1BD1FFED35D0019BEA7 /* adapter.h in Headers */,
				D0DDF1C51FFED35D0019BEA7 /* nameprep_charmap.h in Headers */,
				D0DDF1CC1FFED35D0019BEA7 /* nameprep_lookups.h in Headers */,
				D0DDF1CE1FFED35D0019BEA7 /* nameprep_prohibit_allowunassigned.h in Headers */,
				D0DDF1BB1FFED35D0019BEA7 /* util.h in Headers */,
				D0DDF1991FFED34C0019BEA7 /* NSURL+IFUnicodeURL.h in Headers */,
				D0DDF1B81FFED35D0019BEA7 /* xcode.h in Headers */,
				D0DDF1CA1FFED35D0019BEA7 /* nameprep_datastructures.h in Headers */,
				D0DDF1C71FFED35D0019BEA7 /* nameprep_compose.h in Headers */,
				D0DDF1BE1FFED35D0019BEA7 /* nameprep.h in Headers */,
				D0DDF1C81FFED35D0019BEA7 /* nameprep_cononical.h in Headers */,
				D0DDF1C31FFED35D0019BEA7 /* nameprep_bidi_lcat.h in Headers */,
				3DD6F6BC1E6A397600437514 /* TwitterTextEntity.h in Headers */,
				D0DDF1C91FFED35D0019BEA7 /* nameprep_data.h in Headers */,
				D0DDF1BC1FFED35D0019BEA7 /* xcode_config.h in Headers */,
				D0DDF1C41FFED35D0019BEA7 /* nameprep_bidi_randalcat.h in Headers */,
				D0DDF1C01FFED35D0019BEA7 /* race.h in Headers */,
				3DD6F6BA1E6A397600437514 /* TwitterText.h in Headers */,
			);
			runOnlyForDeploymentPostprocessing = 0;
		};
		D0FE6FA9200699CA0032DA00 /* Headers */ = {
			isa = PBXHeadersBuildPhase;
			buildActionMask = 2147483647;
			files = (
				D0FE6FD820069DD60032DA00 /* nameprep_decompose.h in Headers */,
				D0FE6FCF20069DCE0032DA00 /* race.h in Headers */,
				D0FE6FD920069DD60032DA00 /* nameprep_lookups.h in Headers */,
				D0FE6FD420069DD60032DA00 /* nameprep_compose.h in Headers */,
				D0D1AC4520E19F3800BE44A5 /* TwitterTextEmoji.h in Headers */,
				D0FE6FD620069DD60032DA00 /* nameprep_data.h in Headers */,
				D0FE6FDB20069DD60032DA00 /* nameprep_prohibit_allowunassigned.h in Headers */,
				D0FE6FE120069DEE0032DA00 /* xcode.h in Headers */,
				D0FE6FC920069DBC0032DA00 /* adapter.h in Headers */,
				D0FE6FCB20069DC20032DA00 /* nameprep.h in Headers */,
				D0FE6FDD20069DE40032DA00 /* toxxx.h in Headers */,
				D0FE6FE320069DF50032DA00 /* NSURL+IFUnicodeURL.h in Headers */,
				D0FE6FD520069DD60032DA00 /* nameprep_cononical.h in Headers */,
				D0FE6FD220069DD50032DA00 /* nameprep_charmap.h in Headers */,
				D0FE6FD320069DD60032DA00 /* nameprep_compatible.h in Headers */,
				D0FE6FDF20069DE90032DA00 /* util.h in Headers */,
				D0FE6FC520069D8A0032DA00 /* TwitterTextEntity.h in Headers */,
				D0FE6FDA20069DD60032DA00 /* nameprep_prohibit.h in Headers */,
				D0FE6FD120069DD50032DA00 /* nameprep_bidi_randalcat.h in Headers */,
				D0FE6FD020069DD50032DA00 /* nameprep_bidi_lcat.h in Headers */,
				D0FE6FCD20069DC90032DA00 /* puny.h in Headers */,
				D0FE6FD720069DD60032DA00 /* nameprep_datastructures.h in Headers */,
				D0FE6FE020069DEC0032DA00 /* xcode_config.h in Headers */,
				D0FE6FC320069D800032DA00 /* TwitterText.h in Headers */,
			);
			runOnlyForDeploymentPostprocessing = 0;
		};
/* End PBXHeadersBuildPhase section */

/* Begin PBXNativeTarget section */
		3D4B56AF1E6A37DF00E8E570 /* TwitterText */ = {
			isa = PBXNativeTarget;
			buildConfigurationList = 3D4B56C41E6A37DF00E8E570 /* Build configuration list for PBXNativeTarget "TwitterText" */;
			buildPhases = (
				3D4B56AD1E6A37DF00E8E570 /* Headers */,
				3D4B56AB1E6A37DF00E8E570 /* Sources */,
				3D4B56AC1E6A37DF00E8E570 /* Frameworks */,
				3D4B56AE1E6A37DF00E8E570 /* Resources */,
			);
			buildRules = (
			);
			dependencies = (
			);
			name = TwitterText;
			productName = TwitterText;
			productReference = 3D4B56B01E6A37DF00E8E570 /* TwitterText.framework */;
			productType = "com.apple.product-type.framework";
		};
		3D4B56B81E6A37DF00E8E570 /* TwitterTextTests */ = {
			isa = PBXNativeTarget;
			buildConfigurationList = 3D4B56C71E6A37DF00E8E570 /* Build configuration list for PBXNativeTarget "TwitterTextTests" */;
			buildPhases = (
				3D4B56B51E6A37DF00E8E570 /* Sources */,
				3D4B56B61E6A37DF00E8E570 /* Frameworks */,
				3D4B56B71E6A37DF00E8E570 /* Resources */,
			);
			buildRules = (
			);
			dependencies = (
				3D4B56BC1E6A37DF00E8E570 /* PBXTargetDependency */,
			);
			name = TwitterTextTests;
			productName = TwitterTextTests;
			productReference = 3D4B56B91E6A37DF00E8E570 /* TwitterTextTests.xctest */;
			productType = "com.apple.product-type.bundle.unit-test";
		};
		D0FE6FAB200699CA0032DA00 /* TwitterText Mac */ = {
			isa = PBXNativeTarget;
			buildConfigurationList = D0FE6FC1200699CB0032DA00 /* Build configuration list for PBXNativeTarget "TwitterText Mac" */;
			buildPhases = (
				D0FE6FA9200699CA0032DA00 /* Headers */,
				D0FE6FA7200699CA0032DA00 /* Sources */,
				D0FE6FA8200699CA0032DA00 /* Frameworks */,
				D0FE6FAA200699CA0032DA00 /* Resources */,
			);
			buildRules = (
			);
			dependencies = (
			);
			name = "TwitterText Mac";
			productName = "TwitterText Mac";
			productReference = D0FE6FAC200699CA0032DA00 /* TwitterText.framework */;
			productType = "com.apple.product-type.framework";
		};
		D0FE6FB3200699CB0032DA00 /* TwitterTextTests Mac */ = {
			isa = PBXNativeTarget;
			buildConfigurationList = D0FE6FC2200699CB0032DA00 /* Build configuration list for PBXNativeTarget "TwitterTextTests Mac" */;
			buildPhases = (
				D0FE6FB0200699CB0032DA00 /* Sources */,
				D0FE6FB1200699CB0032DA00 /* Frameworks */,
				D0FE6FB2200699CB0032DA00 /* Resources */,
			);
			buildRules = (
			);
			dependencies = (
				D0FE6FB7200699CB0032DA00 /* PBXTargetDependency */,
			);
			name = "TwitterTextTests Mac";
			productName = "TwitterText MacTests";
			productReference = D0FE6FB4200699CB0032DA00 /* TwitterTextTests Mac.xctest */;
			productType = "com.apple.product-type.bundle.unit-test";
		};
/* End PBXNativeTarget section */

/* Begin PBXProject section */
		3D4B56A71E6A37DF00E8E570 /* Project object */ = {
			isa = PBXProject;
			attributes = {
				LastUpgradeCheck = 1020;
				ORGANIZATIONNAME = Twitter;
				TargetAttributes = {
					3D4B56AF1E6A37DF00E8E570 = {
						CreatedOnToolsVersion = 8.2.1;
						ProvisioningStyle = Manual;
					};
					3D4B56B81E6A37DF00E8E570 = {
						CreatedOnToolsVersion = 8.2.1;
						ProvisioningStyle = Manual;
					};
					D0FE6FAB200699CA0032DA00 = {
						CreatedOnToolsVersion = 9.2;
						ProvisioningStyle = Manual;
					};
					D0FE6FB3200699CB0032DA00 = {
						CreatedOnToolsVersion = 9.2;
						ProvisioningStyle = Manual;
					};
				};
			};
			buildConfigurationList = 3D4B56AA1E6A37DF00E8E570 /* Build configuration list for PBXProject "TwitterText" */;
			compatibilityVersion = "Xcode 3.2";
			developmentRegion = en;
			hasScannedForEncodings = 0;
			knownRegions = (
				Base,
			);
			mainGroup = 3D4B56A61E6A37DF00E8E570;
			productRefGroup = 3D4B56B11E6A37DF00E8E570 /* Products */;
			projectDirPath = "";
			projectRoot = "";
			targets = (
				3D4B56AF1E6A37DF00E8E570 /* TwitterText */,
				3D4B56B81E6A37DF00E8E570 /* TwitterTextTests */,
				D0FE6FAB200699CA0032DA00 /* TwitterText Mac */,
				D0FE6FB3200699CB0032DA00 /* TwitterTextTests Mac */,
			);
		};
/* End PBXProject section */

/* Begin PBXResourcesBuildPhase section */
		3D4B56AE1E6A37DF00E8E570 /* Resources */ = {
			isa = PBXResourcesBuildPhase;
			buildActionMask = 2147483647;
			files = (
				D0CD06B520102525007BE0D4 /* v3.json in Resources */,
				D0F715BA200985C100D66E5C /* v1.json in Resources */,
				D0F715BB200985C100D66E5C /* v2.json in Resources */,
			);
			runOnlyForDeploymentPostprocessing = 0;
		};
		3D4B56B71E6A37DF00E8E570 /* Resources */ = {
			isa = PBXResourcesBuildPhase;
			buildActionMask = 2147483647;
			files = (
			);
			runOnlyForDeploymentPostprocessing = 0;
		};
		D0FE6FAA200699CA0032DA00 /* Resources */ = {
			isa = PBXResourcesBuildPhase;
			buildActionMask = 2147483647;
			files = (
				D09842702018100A00BAA5F1 /* v3.json in Resources */,
				D0F715BC200985CB00D66E5C /* v1.json in Resources */,
				D0F715BD200985CE00D66E5C /* v2.json in Resources */,
			);
			runOnlyForDeploymentPostprocessing = 0;
		};
		D0FE6FB2200699CB0032DA00 /* Resources */ = {
			isa = PBXResourcesBuildPhase;
			buildActionMask = 2147483647;
			files = (
			);
			runOnlyForDeploymentPostprocessing = 0;
		};
/* End PBXResourcesBuildPhase section */

/* Begin PBXSourcesBuildPhase section */
		3D4B56AB1E6A37DF00E8E570 /* Sources */ = {
			isa = PBXSourcesBuildPhase;
			buildActionMask = 2147483647;
			files = (
				D0DDF1B71FFED35D0019BEA7 /* race.c in Sources */,
				3DD6F6BB1E6A397600437514 /* TwitterText.m in Sources */,
				D0DDF19B1FFED34C0019BEA7 /* NSURL+IFUnicodeURL.m in Sources */,
				D0DDF1C11FFED35D0019BEA7 /* toxxx.c in Sources */,
				3DD6F6BD1E6A397600437514 /* TwitterTextEntity.m in Sources */,
				D0D1AC4220E19F3800BE44A5 /* TwitterTextEmoji.m in Sources */,
				D0DDF1B61FFED35D0019BEA7 /* puny.c in Sources */,
				D0DDF1B91FFED35D0019BEA7 /* util.c in Sources */,
				D0DDF1BA1FFED35D0019BEA7 /* nameprep.c in Sources */,
			);
			runOnlyForDeploymentPostprocessing = 0;
		};
		3D4B56B51E6A37DF00E8E570 /* Sources */ = {
			isa = PBXSourcesBuildPhase;
			buildActionMask = 2147483647;
			files = (
				3D4B56BF1E6A37DF00E8E570 /* TwitterTextTests.m in Sources */,
				D0D1AC4A20E19F8200BE44A5 /* TwitterTextEmojiTests.m in Sources */,
				D0DDF1D21FFED3840019BEA7 /* NSURL+IFUnicodeURLTest.m in Sources */,
			);
			runOnlyForDeploymentPostprocessing = 0;
		};
		D0FE6FA7200699CA0032DA00 /* Sources */ = {
			isa = PBXSourcesBuildPhase;
			buildActionMask = 2147483647;
			files = (
				D0FE6FCE20069DCB0032DA00 /* race.c in Sources */,
				D0FE6FCA20069DBF0032DA00 /* nameprep.c in Sources */,
				D0FE6FDE20069DE70032DA00 /* util.c in Sources */,
				D0FE6FC420069D860032DA00 /* TwitterText.m in Sources */,
				D0FE6FDC20069DD90032DA00 /* toxxx.c in Sources */,
				D0D1AC4320E19F3800BE44A5 /* TwitterTextEmoji.m in Sources */,
				D0FE6FC620069D8E0032DA00 /* TwitterTextEntity.m in Sources */,
				D0FE6FCC20069DC50032DA00 /* puny.c in Sources */,
				D0FE6FE420069DFF0032DA00 /* NSURL+IFUnicodeURL.m in Sources */,
			);
			runOnlyForDeploymentPostprocessing = 0;
		};
		D0FE6FB0200699CB0032DA00 /* Sources */ = {
			isa = PBXSourcesBuildPhase;
			buildActionMask = 2147483647;
			files = (
				D0FE6FC820069DB70032DA00 /* NSURL+IFUnicodeURLTest.m in Sources */,
				D0D1AC4B20E19F8200BE44A5 /* TwitterTextEmojiTests.m in Sources */,
				D0FE6FC720069DAC0032DA00 /* TwitterTextTests.m in Sources */,
			);
			runOnlyForDeploymentPostprocessing = 0;
		};
/* End PBXSourcesBuildPhase section */

/* Begin PBXTargetDependency section */
		3D4B56BC1E6A37DF00E8E570 /* PBXTargetDependency */ = {
			isa = PBXTargetDependency;
			target = 3D4B56AF1E6A37DF00E8E570 /* TwitterText */;
			targetProxy = 3D4B56BB1E6A37DF00E8E570 /* PBXContainerItemProxy */;
		};
		D0FE6FB7200699CB0032DA00 /* PBXTargetDependency */ = {
			isa = PBXTargetDependency;
			target = D0FE6FAB200699CA0032DA00 /* TwitterText Mac */;
			targetProxy = D0FE6FB6200699CB0032DA00 /* PBXContainerItemProxy */;
		};
/* End PBXTargetDependency section */

/* Begin XCBuildConfiguration section */
		3D4B56C21E6A37DF00E8E570 /* Debug */ = {
			isa = XCBuildConfiguration;
			buildSettings = {
				ALWAYS_SEARCH_USER_PATHS = NO;
				CLANG_ANALYZER_LOCALIZABILITY_NONLOCALIZED = YES;
				CLANG_ANALYZER_NONNULL = YES;
				CLANG_CXX_LANGUAGE_STANDARD = "gnu++0x";
				CLANG_CXX_LIBRARY = "libc++";
				CLANG_ENABLE_MODULES = YES;
				CLANG_ENABLE_OBJC_ARC = YES;
				CLANG_WARN_BLOCK_CAPTURE_AUTORELEASING = YES;
				CLANG_WARN_BOOL_CONVERSION = YES;
				CLANG_WARN_COMMA = YES;
				CLANG_WARN_CONSTANT_CONVERSION = YES;
				CLANG_WARN_DEPRECATED_OBJC_IMPLEMENTATIONS = YES;
				CLANG_WARN_DIRECT_OBJC_ISA_USAGE = YES_ERROR;
				CLANG_WARN_DOCUMENTATION_COMMENTS = YES;
				CLANG_WARN_EMPTY_BODY = YES;
				CLANG_WARN_ENUM_CONVERSION = YES;
				CLANG_WARN_INFINITE_RECURSION = YES;
				CLANG_WARN_INT_CONVERSION = YES;
				CLANG_WARN_OBJC_IMPLICIT_RETAIN_SELF = YES;
				CLANG_WARN_OBJC_REPEATED_USE_OF_WEAK = YES;
				CLANG_WARN_OBJC_ROOT_CLASS = YES_ERROR;
				CLANG_WARN_RANGE_LOOP_ANALYSIS = YES;
				CLANG_WARN_STRICT_PROTOTYPES = YES;
				CLANG_WARN_SUSPICIOUS_IMPLICIT_CONVERSION = YES;
				CLANG_WARN_SUSPICIOUS_MOVE = YES;
				CLANG_WARN_UNREACHABLE_CODE = YES;
				CLANG_WARN__DUPLICATE_METHOD_MATCH = YES;
				COPY_PHASE_STRIP = NO;
				CURRENT_PROJECT_VERSION = 1;
				DEBUG_INFORMATION_FORMAT = dwarf;
				ENABLE_STRICT_OBJC_MSGSEND = YES;
				ENABLE_TESTABILITY = YES;
				GCC_C_LANGUAGE_STANDARD = gnu99;
				GCC_DYNAMIC_NO_PIC = NO;
				GCC_NO_COMMON_BLOCKS = YES;
				GCC_OPTIMIZATION_LEVEL = 0;
				GCC_PREPROCESSOR_DEFINITIONS = (
					"DEBUG=1",
					"$(inherited)",
				);
				GCC_WARN_64_TO_32_BIT_CONVERSION = YES;
				GCC_WARN_ABOUT_RETURN_TYPE = YES_ERROR;
				GCC_WARN_UNDECLARED_SELECTOR = YES;
				GCC_WARN_UNINITIALIZED_AUTOS = YES_AGGRESSIVE;
				GCC_WARN_UNUSED_FUNCTION = YES;
				GCC_WARN_UNUSED_VARIABLE = YES;
				IPHONEOS_DEPLOYMENT_TARGET = 9.0;
				MTL_ENABLE_DEBUG_INFO = YES;
				ONLY_ACTIVE_ARCH = YES;
				SDKROOT = iphoneos;
				TARGETED_DEVICE_FAMILY = "1,2";
				VERSIONING_SYSTEM = "apple-generic";
				VERSION_INFO_PREFIX = "";
			};
			name = Debug;
		};
		3D4B56C31E6A37DF00E8E570 /* Release */ = {
			isa = XCBuildConfiguration;
			buildSettings = {
				ALWAYS_SEARCH_USER_PATHS = NO;
				CLANG_ANALYZER_LOCALIZABILITY_NONLOCALIZED = YES;
				CLANG_ANALYZER_NONNULL = YES;
				CLANG_CXX_LANGUAGE_STANDARD = "gnu++0x";
				CLANG_CXX_LIBRARY = "libc++";
				CLANG_ENABLE_MODULES = YES;
				CLANG_ENABLE_OBJC_ARC = YES;
				CLANG_WARN_BLOCK_CAPTURE_AUTORELEASING = YES;
				CLANG_WARN_BOOL_CONVERSION = YES;
				CLANG_WARN_COMMA = YES;
				CLANG_WARN_CONSTANT_CONVERSION = YES;
				CLANG_WARN_DEPRECATED_OBJC_IMPLEMENTATIONS = YES;
				CLANG_WARN_DIRECT_OBJC_ISA_USAGE = YES_ERROR;
				CLANG_WARN_DOCUMENTATION_COMMENTS = YES;
				CLANG_WARN_EMPTY_BODY = YES;
				CLANG_WARN_ENUM_CONVERSION = YES;
				CLANG_WARN_INFINITE_RECURSION = YES;
				CLANG_WARN_INT_CONVERSION = YES;
				CLANG_WARN_OBJC_IMPLICIT_RETAIN_SELF = YES;
				CLANG_WARN_OBJC_REPEATED_USE_OF_WEAK = YES;
				CLANG_WARN_OBJC_ROOT_CLASS = YES_ERROR;
				CLANG_WARN_RANGE_LOOP_ANALYSIS = YES;
				CLANG_WARN_STRICT_PROTOTYPES = YES;
				CLANG_WARN_SUSPICIOUS_IMPLICIT_CONVERSION = YES;
				CLANG_WARN_SUSPICIOUS_MOVE = YES;
				CLANG_WARN_UNREACHABLE_CODE = YES;
				CLANG_WARN__DUPLICATE_METHOD_MATCH = YES;
				COPY_PHASE_STRIP = NO;
				CURRENT_PROJECT_VERSION = 1;
				DEBUG_INFORMATION_FORMAT = "dwarf-with-dsym";
				ENABLE_NS_ASSERTIONS = NO;
				ENABLE_STRICT_OBJC_MSGSEND = YES;
				GCC_C_LANGUAGE_STANDARD = gnu99;
				GCC_NO_COMMON_BLOCKS = YES;
				GCC_WARN_64_TO_32_BIT_CONVERSION = YES;
				GCC_WARN_ABOUT_RETURN_TYPE = YES_ERROR;
				GCC_WARN_UNDECLARED_SELECTOR = YES;
				GCC_WARN_UNINITIALIZED_AUTOS = YES_AGGRESSIVE;
				GCC_WARN_UNUSED_FUNCTION = YES;
				GCC_WARN_UNUSED_VARIABLE = YES;
				IPHONEOS_DEPLOYMENT_TARGET = 9.0;
				MTL_ENABLE_DEBUG_INFO = NO;
				SDKROOT = iphoneos;
				TARGETED_DEVICE_FAMILY = "1,2";
				VALIDATE_PRODUCT = YES;
				VERSIONING_SYSTEM = "apple-generic";
				VERSION_INFO_PREFIX = "";
			};
			name = Release;
		};
		3D4B56C51E6A37DF00E8E570 /* Debug */ = {
			isa = XCBuildConfiguration;
			buildSettings = {
				APPLICATION_EXTENSION_API_ONLY = YES;
				DEFINES_MODULE = YES;
				DYLIB_COMPATIBILITY_VERSION = 1;
				DYLIB_CURRENT_VERSION = 1;
				DYLIB_INSTALL_NAME_BASE = "@rpath";
				INFOPLIST_FILE = resources/Info.plist;
				INSTALL_PATH = "$(LOCAL_LIBRARY_DIR)/Frameworks";
				IPHONEOS_DEPLOYMENT_TARGET = 9.0;
				LD_RUNPATH_SEARCH_PATHS = "$(inherited) @executable_path/Frameworks @loader_path/Frameworks";
				MARKETING_VERSION = 3.1.0;
				MODULEMAP_FILE = resources/TwitterText.modulemap;
				PRODUCT_BUNDLE_IDENTIFIER = com.twitter.TwitterText;
				PRODUCT_NAME = "$(TARGET_NAME)";
				SKIP_INSTALL = YES;
			};
			name = Debug;
		};
		3D4B56C61E6A37DF00E8E570 /* Release */ = {
			isa = XCBuildConfiguration;
			buildSettings = {
				APPLICATION_EXTENSION_API_ONLY = YES;
				"DEBUG_INFORMATION_FORMAT[sdk=macosx*]" = "dwarf-with-dsym";
				DEFINES_MODULE = YES;
				DYLIB_COMPATIBILITY_VERSION = 1;
				DYLIB_CURRENT_VERSION = 1;
				DYLIB_INSTALL_NAME_BASE = "@rpath";
				INFOPLIST_FILE = resources/Info.plist;
				INSTALL_PATH = "$(LOCAL_LIBRARY_DIR)/Frameworks";
				IPHONEOS_DEPLOYMENT_TARGET = 9.0;
				LD_RUNPATH_SEARCH_PATHS = "$(inherited) @executable_path/Frameworks @loader_path/Frameworks";
				MARKETING_VERSION = 3.1.0;
				MODULEMAP_FILE = resources/TwitterText.modulemap;
				PRODUCT_BUNDLE_IDENTIFIER = com.twitter.TwitterText;
				PRODUCT_NAME = "$(TARGET_NAME)";
				SKIP_INSTALL = YES;
			};
			name = Release;
		};
		3D4B56C81E6A37DF00E8E570 /* Debug */ = {
			isa = XCBuildConfiguration;
			buildSettings = {
				"CODE_SIGN_IDENTITY[sdk=macosx*]" = "-";
				INFOPLIST_FILE = "tests/resources/TwitterTextTests-Info.plist";
				LD_RUNPATH_SEARCH_PATHS = "$(inherited) @executable_path/Frameworks @loader_path/Frameworks";
				PRODUCT_BUNDLE_IDENTIFIER = com.twitter.TwitterTextTests;
				PRODUCT_NAME = "$(TARGET_NAME)";
			};
			name = Debug;
		};
		3D4B56C91E6A37DF00E8E570 /* Release */ = {
			isa = XCBuildConfiguration;
			buildSettings = {
				"CODE_SIGN_IDENTITY[sdk=macosx*]" = "-";
				INFOPLIST_FILE = "tests/resources/TwitterTextTests-Info.plist";
				LD_RUNPATH_SEARCH_PATHS = "$(inherited) @executable_path/Frameworks @loader_path/Frameworks";
				PRODUCT_BUNDLE_IDENTIFIER = com.twitter.TwitterTextTests;
				PRODUCT_NAME = "$(TARGET_NAME)";
			};
			name = Release;
		};
		D0FE6FBD200699CB0032DA00 /* Debug */ = {
			isa = XCBuildConfiguration;
			buildSettings = {
				APPLICATION_EXTENSION_API_ONLY = YES;
				CLANG_ANALYZER_NUMBER_OBJECT_CONVERSION = YES_AGGRESSIVE;
				CLANG_CXX_LANGUAGE_STANDARD = "gnu++14";
				CLANG_WARN_BLOCK_CAPTURE_AUTORELEASING = YES;
				CLANG_WARN_COMMA = YES;
				CLANG_WARN_NON_LITERAL_NULL_CONVERSION = YES;
				CLANG_WARN_OBJC_LITERAL_CONVERSION = YES;
				CLANG_WARN_RANGE_LOOP_ANALYSIS = YES;
				CLANG_WARN_STRICT_PROTOTYPES = YES;
				CLANG_WARN_UNGUARDED_AVAILABILITY = YES_AGGRESSIVE;
				CODE_SIGN_IDENTITY = "-";
				CODE_SIGN_STYLE = Manual;
				COMBINE_HIDPI_IMAGES = YES;
				DEFINES_MODULE = YES;
				DEVELOPMENT_TEAM = "";
				DYLIB_COMPATIBILITY_VERSION = 1;
				DYLIB_CURRENT_VERSION = 1;
				DYLIB_INSTALL_NAME_BASE = "@rpath";
				FRAMEWORK_VERSION = A;
				GCC_C_LANGUAGE_STANDARD = gnu11;
				INFOPLIST_FILE = "$(SRCROOT)/resources/Info.plist";
				INSTALL_PATH = "$(LOCAL_LIBRARY_DIR)/Frameworks";
				LD_RUNPATH_SEARCH_PATHS = "$(inherited) @executable_path/../Frameworks @loader_path/Frameworks";
				MACOSX_DEPLOYMENT_TARGET = 10.12;
				MARKETING_VERSION = 3.1.0;
				MODULEMAP_FILE = resources/TwitterText.modulemap;
				PRODUCT_BUNDLE_IDENTIFIER = com.twitter.TwitterText;
				PRODUCT_NAME = TwitterText;
				PROVISIONING_PROFILE_SPECIFIER = "";
				SDKROOT = macosx;
				SKIP_INSTALL = YES;
			};
			name = Debug;
		};
		D0FE6FBE200699CB0032DA00 /* Release */ = {
			isa = XCBuildConfiguration;
			buildSettings = {
				APPLICATION_EXTENSION_API_ONLY = YES;
				CLANG_ANALYZER_NUMBER_OBJECT_CONVERSION = YES_AGGRESSIVE;
				CLANG_CXX_LANGUAGE_STANDARD = "gnu++14";
				CLANG_WARN_BLOCK_CAPTURE_AUTORELEASING = YES;
				CLANG_WARN_COMMA = YES;
				CLANG_WARN_NON_LITERAL_NULL_CONVERSION = YES;
				CLANG_WARN_OBJC_LITERAL_CONVERSION = YES;
				CLANG_WARN_RANGE_LOOP_ANALYSIS = YES;
				CLANG_WARN_STRICT_PROTOTYPES = YES;
				CLANG_WARN_UNGUARDED_AVAILABILITY = YES_AGGRESSIVE;
				CODE_SIGN_IDENTITY = "-";
				CODE_SIGN_STYLE = Manual;
				COMBINE_HIDPI_IMAGES = YES;
				DEFINES_MODULE = YES;
				DEVELOPMENT_TEAM = "";
				DYLIB_COMPATIBILITY_VERSION = 1;
				DYLIB_CURRENT_VERSION = 1;
				DYLIB_INSTALL_NAME_BASE = "@rpath";
				FRAMEWORK_VERSION = A;
				GCC_C_LANGUAGE_STANDARD = gnu11;
				INFOPLIST_FILE = "$(SRCROOT)/resources/Info.plist";
				INSTALL_PATH = "$(LOCAL_LIBRARY_DIR)/Frameworks";
				LD_RUNPATH_SEARCH_PATHS = "$(inherited) @executable_path/../Frameworks @loader_path/Frameworks";
				MACOSX_DEPLOYMENT_TARGET = 10.12;
				MARKETING_VERSION = 3.1.0;
				MODULEMAP_FILE = resources/TwitterText.modulemap;
				PRODUCT_BUNDLE_IDENTIFIER = com.twitter.TwitterText;
				PRODUCT_NAME = TwitterText;
				PROVISIONING_PROFILE_SPECIFIER = "";
				SDKROOT = macosx;
				SKIP_INSTALL = YES;
			};
			name = Release;
		};
		D0FE6FBF200699CB0032DA00 /* Debug */ = {
			isa = XCBuildConfiguration;
			buildSettings = {
				CLANG_ANALYZER_NUMBER_OBJECT_CONVERSION = YES_AGGRESSIVE;
				CLANG_CXX_LANGUAGE_STANDARD = "gnu++14";
				CLANG_WARN_BLOCK_CAPTURE_AUTORELEASING = YES;
				CLANG_WARN_COMMA = YES;
				CLANG_WARN_NON_LITERAL_NULL_CONVERSION = YES;
				CLANG_WARN_OBJC_LITERAL_CONVERSION = YES;
				CLANG_WARN_RANGE_LOOP_ANALYSIS = YES;
				CLANG_WARN_STRICT_PROTOTYPES = YES;
				CLANG_WARN_UNGUARDED_AVAILABILITY = YES_AGGRESSIVE;
				CODE_SIGN_IDENTITY = "-";
				CODE_SIGN_STYLE = Manual;
				COMBINE_HIDPI_IMAGES = YES;
				DEVELOPMENT_TEAM = "";
				GCC_C_LANGUAGE_STANDARD = gnu11;
				INFOPLIST_FILE = "tests/resources/TwitterTextTests-Info.plist";
				LD_RUNPATH_SEARCH_PATHS = "$(inherited) @executable_path/../Frameworks @loader_path/../Frameworks";
				MACOSX_DEPLOYMENT_TARGET = 10.12;
				PRODUCT_BUNDLE_IDENTIFIER = com.twitter.TwitterTextTests;
				PRODUCT_NAME = "$(TARGET_NAME)";
				PROVISIONING_PROFILE_SPECIFIER = "";
				SDKROOT = macosx;
			};
			name = Debug;
		};
		D0FE6FC0200699CB0032DA00 /* Release */ = {
			isa = XCBuildConfiguration;
			buildSettings = {
				CLANG_ANALYZER_NUMBER_OBJECT_CONVERSION = YES_AGGRESSIVE;
				CLANG_CXX_LANGUAGE_STANDARD = "gnu++14";
				CLANG_WARN_BLOCK_CAPTURE_AUTORELEASING = YES;
				CLANG_WARN_COMMA = YES;
				CLANG_WARN_NON_LITERAL_NULL_CONVERSION = YES;
				CLANG_WARN_OBJC_LITERAL_CONVERSION = YES;
				CLANG_WARN_RANGE_LOOP_ANALYSIS = YES;
				CLANG_WARN_STRICT_PROTOTYPES = YES;
				CLANG_WARN_UNGUARDED_AVAILABILITY = YES_AGGRESSIVE;
				CODE_SIGN_IDENTITY = "-";
				CODE_SIGN_STYLE = Manual;
				COMBINE_HIDPI_IMAGES = YES;
				DEVELOPMENT_TEAM = "";
				GCC_C_LANGUAGE_STANDARD = gnu11;
				INFOPLIST_FILE = "tests/resources/TwitterTextTests-Info.plist";
				LD_RUNPATH_SEARCH_PATHS = "$(inherited) @executable_path/../Frameworks @loader_path/../Frameworks";
				MACOSX_DEPLOYMENT_TARGET = 10.12;
				PRODUCT_BUNDLE_IDENTIFIER = com.twitter.TwitterTextTests;
				PRODUCT_NAME = "$(TARGET_NAME)";
				PROVISIONING_PROFILE_SPECIFIER = "";
				SDKROOT = macosx;
			};
			name = Release;
		};
/* End XCBuildConfiguration section */

/* Begin XCConfigurationList section */
		3D4B56AA1E6A37DF00E8E570 /* Build configuration list for PBXProject "TwitterText" */ = {
			isa = XCConfigurationList;
			buildConfigurations = (
				3D4B56C21E6A37DF00E8E570 /* Debug */,
				3D4B56C31E6A37DF00E8E570 /* Release */,
			);
			defaultConfigurationIsVisible = 0;
			defaultConfigurationName = Release;
		};
		3D4B56C41E6A37DF00E8E570 /* Build configuration list for PBXNativeTarget "TwitterText" */ = {
			isa = XCConfigurationList;
			buildConfigurations = (
				3D4B56C51E6A37DF00E8E570 /* Debug */,
				3D4B56C61E6A37DF00E8E570 /* Release */,
			);
			defaultConfigurationIsVisible = 0;
			defaultConfigurationName = Release;
		};
		3D4B56C71E6A37DF00E8E570 /* Build configuration list for PBXNativeTarget "TwitterTextTests" */ = {
			isa = XCConfigurationList;
			buildConfigurations = (
				3D4B56C81E6A37DF00E8E570 /* Debug */,
				3D4B56C91E6A37DF00E8E570 /* Release */,
			);
			defaultConfigurationIsVisible = 0;
			defaultConfigurationName = Release;
		};
		D0FE6FC1200699CB0032DA00 /* Build configuration list for PBXNativeTarget "TwitterText Mac" */ = {
			isa = XCConfigurationList;
			buildConfigurations = (
				D0FE6FBD200699CB0032DA00 /* Debug */,
				D0FE6FBE200699CB0032DA00 /* Release */,
			);
			defaultConfigurationIsVisible = 0;
			defaultConfigurationName = Release;
		};
		D0FE6FC2200699CB0032DA00 /* Build configuration list for PBXNativeTarget "TwitterTextTests Mac" */ = {
			isa = XCConfigurationList;
			buildConfigurations = (
				D0FE6FBF200699CB0032DA00 /* Debug */,
				D0FE6FC0200699CB0032DA00 /* Release */,
			);
			defaultConfigurationIsVisible = 0;
			defaultConfigurationName = Release;
		};
/* End XCConfigurationList section */
	};
	rootObject = 3D4B56A71E6A37DF00E8E570 /* Project object */;
}
